
Microsoft Visual Studio Solution File, Format Version 12.00
# Visual Studio Version 17
VisualStudioVersion = 17.9.34701.34
MinimumVisualStudioVersion = 10.0.40219.1
Project("{9A19103F-16F7-4668-BE54-9A1E7A4F7556}") = "Telegram", "Telegram\Telegram.csproj", "{8936985E-9C55-4768-9754-25B527FB4803}"
EndProject
Global
	GlobalSection(SolutionConfigurationPlatforms) = preSolution
		Debug|Any CPU = Debug|Any CPU
		Debug|x64 = Debug|x64
		Release|Any CPU = Release|Any CPU
		Release|x64 = Release|x64
	EndGlobalSection
	GlobalSection(ProjectConfigurationPlatforms) = postSolution
		{8936985E-9C55-4768-9754-25B527FB4803}.Debug|Any CPU.ActiveCfg = Debug|Any CPU
		{8936985E-9C55-4768-9754-25B527FB4803}.Debug|Any CPU.Build.0 = Debug|Any CPU
		{8936985E-9C55-4768-9754-25B527FB4803}.Debug|x64.ActiveCfg = Debug|x64
		{8936985E-9C55-4768-9754-25B527FB4803}.Debug|x64.Build.0 = Debug|x64
		{8936985E-9C55-4768-9754-25B527FB4803}.Release|Any CPU.ActiveCfg = Release|Any CPU
		{8936985E-9C55-4768-9754-25B527FB4803}.Release|Any CPU.Build.0 = Release|Any CPU
		{8936985E-9C55-4768-9754-25B527FB4803}.Release|x64.ActiveCfg = Release|x64
		{8936985E-9C55-4768-9754-25B527FB4803}.Release|x64.Build.0 = Release|x64
	EndGlobalSection
	GlobalSection(SolutionProperties) = preSolution
		HideSolutionNode = FALSE
	EndGlobalSection
	GlobalSection(ExtensibilityGlobals) = postSolution
		SolutionGuid = {DBB516AD-0C57-41AD-9F79-758990D432F2}
	EndGlobalSection
EndGlobal
